
Microsoft Visual Studio Solution File, Format Version 12.00
# Visual Studio Version 16
VisualStudioVersion = 16.0.31005.135
MinimumVisualStudioVersion = 10.0.40219.1
Project("{FAE04EC0-301F-11D3-BF4B-00C04F79EFBC}") = "SerialCommunication_ Serial_Port", "SerialCommunication_ Serial_Port\SerialCommunication_ Serial_Port.csproj", "{D3249F6B-2613-41E4-B97E-3D1D10F1F808}"
EndProject
Global
	GlobalSection(SolutionConfigurationPlatforms) = preSolution
		Debug|Any CPU = Debug|Any CPU
		Release|Any CPU = Release|Any CPU
	EndGlobalSection
	GlobalSection(ProjectConfigurationPlatforms) = postSolution
		{D3249F6B-2613-41E4-B97E-3D1D10F1F808}.Debug|Any CPU.ActiveCfg = Debug|Any CPU
		{D3249F6B-2613-41E4-B97E-3D1D10F1F808}.Debug|Any CPU.Build.0 = Debug|Any CPU
		{D3249F6B-2613-41E4-B97E-3D1D10F1F808}.Release|Any CPU.ActiveCfg = Release|Any CPU
		{D3249F6B-2613-41E4-B97E-3D1D10F1F808}.Release|Any CPU.Build.0 = Release|Any CPU
	EndGlobalSection
	GlobalSection(SolutionProperties) = preSolution
		HideSolutionNode = FALSE
	EndGlobalSection
	GlobalSection(ExtensibilityGlobals) = postSolution
		SolutionGuid = {4D598D06-7943-4508-9615-A678BC81CC1F}
	EndGlobalSection
EndGlobal
